
Microsoft Visual Studio Solution File, Format Version 12.00
# Visual Studio Version 17
VisualStudioVersion = 17.8.34511.84
MinimumVisualStudioVersion = 10.0.40219.1
Project("{9A19103F-16F7-4668-BE54-9A1E7A4F7556}") = "FXViewer.Background", "FXViewer.Background\FXViewer.Background.csproj", "{72C7FDBD-A13A-4EAD-82DB-429FD72E2065}"
EndProject
Project("{9A19103F-16F7-4668-BE54-9A1E7A4F7556}") = "FXViewer.Services", "FXViewer.Services\FXViewer.Services.csproj", "{53FC979D-19D3-469D-93C8-8E2C3BED54B5}"
EndProject
Project("{9A19103F-16F7-4668-BE54-9A1E7A4F7556}") = "FXViewer.Domain", "FXViewer.Domain\FXViewer.Domain.csproj", "{D7022D78-E057-4D71-AA3C-D0DAAF5A950A}"
EndProject
Global
	GlobalSection(SolutionConfigurationPlatforms) = preSolution
		Debug|Any CPU = Debug|Any CPU
		Release|Any CPU = Release|Any CPU
	EndGlobalSection
	GlobalSection(ProjectConfigurationPlatforms) = postSolution
		{72C7FDBD-A13A-4EAD-82DB-429FD72E2065}.Debug|Any CPU.ActiveCfg = Debug|Any CPU
		{72C7FDBD-A13A-4EAD-82DB-429FD72E2065}.Debug|Any CPU.Build.0 = Debug|Any CPU
		{72C7FDBD-A13A-4EAD-82DB-429FD72E2065}.Release|Any CPU.ActiveCfg = Release|Any CPU
		{72C7FDBD-A13A-4EAD-82DB-429FD72E2065}.Release|Any CPU.Build.0 = Release|Any CPU
		{53FC979D-19D3-469D-93C8-8E2C3BED54B5}.Debug|Any CPU.ActiveCfg = Debug|Any CPU
		{53FC979D-19D3-469D-93C8-8E2C3BED54B5}.Debug|Any CPU.Build.0 = Debug|Any CPU
		{53FC979D-19D3-469D-93C8-8E2C3BED54B5}.Release|Any CPU.ActiveCfg = Release|Any CPU
		{53FC979D-19D3-469D-93C8-8E2C3BED54B5}.Release|Any CPU.Build.0 = Release|Any CPU
		{D7022D78-E057-4D71-AA3C-D0DAAF5A950A}.Debug|Any CPU.ActiveCfg = Debug|Any CPU
		{D7022D78-E057-4D71-AA3C-D0DAAF5A950A}.Debug|Any CPU.Build.0 = Debug|Any CPU
		{D7022D78-E057-4D71-AA3C-D0DAAF5A950A}.Release|Any CPU.ActiveCfg = Release|Any CPU
		{D7022D78-E057-4D71-AA3C-D0DAAF5A950A}.Release|Any CPU.Build.0 = Release|Any CPU
	EndGlobalSection
	GlobalSection(SolutionProperties) = preSolution
		HideSolutionNode = FALSE
	EndGlobalSection
	GlobalSection(ExtensibilityGlobals) = postSolution
		SolutionGuid = {7686DD1A-9CA4-456A-A2BA-E14DE4001897}
	EndGlobalSection
EndGlobal
